{
  "name": "D2",
  "lockfileVersion": 3,
  "requires": true,
  "packages": {
    "": {
      "dependencies": {
        "@terrastruct/d2": "^0.1.23"
      }
    },
    "node_modules/@terrastruct/d2": {
      "version": "0.1.23",
      "resolved": "https://registry.npmjs.org/@terrastruct/d2/-/d2-0.1.23.tgz",
      "integrity": "sha512-c2ewbgmEbTnAN6Na4R0MCNIpP3F+Kp5oOxZ1savI+qFBQVsm7S9ssoAk6QU4n1CZrSStV9soObs9a2f1Lr7/9Q==",
      "license": "MPL-2.0"
    }
  }
}
